
Microsoft Visual Studio Solution File, Format Version 12.00
# Visual Studio Version 17
VisualStudioVersion = 17.4.33122.133
MinimumVisualStudioVersion = 10.0.40219.1
Project("{FAE04EC0-301F-11D3-BF4B-00C04F79EFBC}") = "PZ_2", "PZ_2\PZ_2.csproj", "{A927B8DE-1A2D-4DD7-A896-7C9B3EE178F1}"
EndProject
Project("{FAE04EC0-301F-11D3-BF4B-00C04F79EFBC}") = "Task_13", "Task_13\Task_13.csproj", "{2B7750CE-C3A1-4C8C-ACC5-F0168A45C6C2}"
EndProject
Project("{FAE04EC0-301F-11D3-BF4B-00C04F79EFBC}") = "Task_15", "Task_15\Task_15.csproj", "{C04EFAA9-CF56-4678-9180-A27417E067B9}"
EndProject
Global
	GlobalSection(SolutionConfigurationPlatforms) = preSolution
		Debug|Any CPU = Debug|Any CPU
		Release|Any CPU = Release|Any CPU
	EndGlobalSection
	GlobalSection(ProjectConfigurationPlatforms) = postSolution
		{A927B8DE-1A2D-4DD7-A896-7C9B3EE178F1}.Debug|Any CPU.ActiveCfg = Debug|Any CPU
		{A927B8DE-1A2D-4DD7-A896-7C9B3EE178F1}.Debug|Any CPU.Build.0 = Debug|Any CPU
		{A927B8DE-1A2D-4DD7-A896-7C9B3EE178F1}.Release|Any CPU.ActiveCfg = Release|Any CPU
		{A927B8DE-1A2D-4DD7-A896-7C9B3EE178F1}.Release|Any CPU.Build.0 = Release|Any CPU
		{2B7750CE-C3A1-4C8C-ACC5-F0168A45C6C2}.Debug|Any CPU.ActiveCfg = Debug|Any CPU
		{2B7750CE-C3A1-4C8C-ACC5-F0168A45C6C2}.Debug|Any CPU.Build.0 = Debug|Any CPU
		{2B7750CE-C3A1-4C8C-ACC5-F0168A45C6C2}.Release|Any CPU.ActiveCfg = Release|Any CPU
		{2B7750CE-C3A1-4C8C-ACC5-F0168A45C6C2}.Release|Any CPU.Build.0 = Release|Any CPU
		{C04EFAA9-CF56-4678-9180-A27417E067B9}.Debug|Any CPU.ActiveCfg = Debug|Any CPU
		{C04EFAA9-CF56-4678-9180-A27417E067B9}.Debug|Any CPU.Build.0 = Debug|Any CPU
		{C04EFAA9-CF56-4678-9180-A27417E067B9}.Release|Any CPU.ActiveCfg = Release|Any CPU
		{C04EFAA9-CF56-4678-9180-A27417E067B9}.Release|Any CPU.Build.0 = Release|Any CPU
	EndGlobalSection
	GlobalSection(SolutionProperties) = preSolution
		HideSolutionNode = FALSE
	EndGlobalSection
	GlobalSection(ExtensibilityGlobals) = postSolution
		SolutionGuid = {C5ED333D-E767-45AD-87D2-F8373DEF34AE}
	EndGlobalSection
EndGlobal
